// !$*UTF8*$!
{
	archiveVersion = 1;
	classes = {
	};
	objectVersion = 54;
	objects = {

/* Begin PBXBuildFile section */
		82ABADBBF54C2B19661C76FB /* Pods_ACICD_ACICDUITests.framework in Frameworks */ = {isa = PBXBuildFile; fileRef = EE5EF66C3FBCE1DF72C2769E /* Pods_ACICD_ACICDUITests.framework */; };
		9DA12DBB7766C5CB59A3AD85 /* Pods_ACICD.framework in Frameworks */ = {isa = PBXBuildFile; fileRef = 679443BCE3948D4C54B86E07 /* Pods_ACICD.framework */; };
		EBAB1BDC54017A8688318B91 /* Pods_ACICDTests.framework in Frameworks */ = {isa = PBXBuildFile; fileRef = 00332B4059085EC4DF91A211 /* Pods_ACICDTests.framework */; };
/* End PBXBuildFile section */

/* Begin PBXContainerItemProxy section */
		18F0E1002D6ECCAA00489745 /* PBXContainerItemProxy */ = {
			isa = PBXContainerItemProxy;
			containerPortal = 18F0E0E12D6ECCA800489745 /* Project object */;
			proxyType = 1;
			remoteGlobalIDString = 18F0E0E82D6ECCA800489745;
			remoteInfo = ACICD;
		};
		18F0E10A2D6ECCAA00489745 /* PBXContainerItemProxy */ = {
			isa = PBXContainerItemProxy;
			containerPortal = 18F0E0E12D6ECCA800489745 /* Project object */;
			proxyType = 1;
			remoteGlobalIDString = 18F0E0E82D6ECCA800489745;
			remoteInfo = ACICD;
		};
/* End PBXContainerItemProxy section */

/* Begin PBXFileReference section */
		00332B4059085EC4DF91A211 /* Pods_ACICDTests.framework */ = {isa = PBXFileReference; explicitFileType = wrapper.framework; includeInIndex = 0; path = Pods_ACICDTests.framework; sourceTree = BUILT_PRODUCTS_DIR; };
		18F0E0E92D6ECCA800489745 /* ACICD.app */ = {isa = PBXFileReference; explicitFileType = wrapper.application; includeInIndex = 0; path = ACICD.app; sourceTree = BUILT_PRODUCTS_DIR; };
		18F0E0FF2D6ECCAA00489745 /* ACICDTests.xctest */ = {isa = PBXFileReference; explicitFileType = wrapper.cfbundle; includeInIndex = 0; path = ACICDTests.xctest; sourceTree = BUILT_PRODUCTS_DIR; };
		18F0E1092D6ECCAA00489745 /* ACICDUITests.xctest */ = {isa = PBXFileReference; explicitFileType = wrapper.cfbundle; includeInIndex = 0; path = ACICDUITests.xctest; sourceTree = BUILT_PRODUCTS_DIR; };
		241DCF77D8CC1232611B10A6 /* Pods-ACICD.debug.xcconfig */ = {isa = PBXFileReference; includeInIndex = 1; lastKnownFileType = text.xcconfig; name = "Pods-ACICD.debug.xcconfig"; path = "Target Support Files/Pods-ACICD/Pods-ACICD.debug.xcconfig"; sourceTree = "<group>"; };
		304B228A9F1CAD6449EA33F7 /* Pods-ACICD.release.xcconfig */ = {isa = PBXFileReference; includeInIndex = 1; lastKnownFileType = text.xcconfig; name = "Pods-ACICD.release.xcconfig"; path = "Target Support Files/Pods-ACICD/Pods-ACICD.release.xcconfig"; sourceTree = "<group>"; };
		5F631D17D8E46A0EEE4FACE8 /* Pods-ACICDTests.release.xcconfig */ = {isa = PBXFileReference; includeInIndex = 1; lastKnownFileType = text.xcconfig; name = "Pods-ACICDTests.release.xcconfig"; path = "Target Support Files/Pods-ACICDTests/Pods-ACICDTests.release.xcconfig"; sourceTree = "<group>"; };
		679443BCE3948D4C54B86E07 /* Pods_ACICD.framework */ = {isa = PBXFileReference; explicitFileType = wrapper.framework; includeInIndex = 0; path = Pods_ACICD.framework; sourceTree = BUILT_PRODUCTS_DIR; };
		79C818D9579E79E1EEA89566 /* Pods-ACICDTests.debug.xcconfig */ = {isa = PBXFileReference; includeInIndex = 1; lastKnownFileType = text.xcconfig; name = "Pods-ACICDTests.debug.xcconfig"; path = "Target Support Files/Pods-ACICDTests/Pods-ACICDTests.debug.xcconfig"; sourceTree = "<group>"; };
		B4568275AEA9F18D5E80A734 /* Pods-ACICD-ACICDUITests.debug.xcconfig */ = {isa = PBXFileReference; includeInIndex = 1; lastKnownFileType = text.xcconfig; name = "Pods-ACICD-ACICDUITests.debug.xcconfig"; path = "Target Support Files/Pods-ACICD-ACICDUITests/Pods-ACICD-ACICDUITests.debug.xcconfig"; sourceTree = "<group>"; };
		CC836B870BE231D456D6DB32 /* Pods-ACICD-ACICDUITests.release.xcconfig */ = {isa = PBXFileReference; includeInIndex = 1; lastKnownFileType = text.xcconfig; name = "Pods-ACICD-ACICDUITests.release.xcconfig"; path = "Target Support Files/Pods-ACICD-ACICDUITests/Pods-ACICD-ACICDUITests.release.xcconfig"; sourceTree = "<group>"; };
		EE5EF66C3FBCE1DF72C2769E /* Pods_ACICD_ACICDUITests.framework */ = {isa = PBXFileReference; explicitFileType = wrapper.framework; includeInIndex = 0; path = Pods_ACICD_ACICDUITests.framework; sourceTree = BUILT_PRODUCTS_DIR; };
/* End PBXFileReference section */

/* Begin PBXFileSystemSynchronizedBuildFileExceptionSet section */
		18F0E1112D6ECCAA00489745 /* Exceptions for "ACICD" folder in "ACICD" target */ = {
			isa = PBXFileSystemSynchronizedBuildFileExceptionSet;
			membershipExceptions = (
				Info.plist,
			);
			target = 18F0E0E82D6ECCA800489745 /* ACICD */;
		};
/* End PBXFileSystemSynchronizedBuildFileExceptionSet section */

/* Begin PBXFileSystemSynchronizedRootGroup section */
		18F0E0EB2D6ECCA800489745 /* ACICD */ = {
			isa = PBXFileSystemSynchronizedRootGroup;
			exceptions = (
				18F0E1112D6ECCAA00489745 /* Exceptions for "ACICD" folder in "ACICD" target */,
			);
			explicitFileTypes = {
			};
			explicitFolders = (
			);
			path = ACICD;
			sourceTree = "<group>";
		};
		18F0E1022D6ECCAA00489745 /* ACICDTests */ = {
			isa = PBXFileSystemSynchronizedRootGroup;
			exceptions = (
			);
			explicitFileTypes = {
			};
			explicitFolders = (
			);
			path = ACICDTests;
			sourceTree = "<group>";
		};
		18F0E10C2D6ECCAA00489745 /* ACICDUITests */ = {
			isa = PBXFileSystemSynchronizedRootGroup;
			exceptions = (
			);
			explicitFileTypes = {
			};
			explicitFolders = (
			);
			path = ACICDUITests;
			sourceTree = "<group>";
		};
/* End PBXFileSystemSynchronizedRootGroup section */

/* Begin PBXFrameworksBuildPhase section */
		18F0E0E62D6ECCA800489745 /* Frameworks */ = {
			isa = PBXFrameworksBuildPhase;
			buildActionMask = 2147483647;
			files = (
				9DA12DBB7766C5CB59A3AD85 /* Pods_ACICD.framework in Frameworks */,
			);
			runOnlyForDeploymentPostprocessing = 0;
		};
		18F0E0FC2D6ECCAA00489745 /* Frameworks */ = {
			isa = PBXFrameworksBuildPhase;
			buildActionMask = 2147483647;
			files = (
				EBAB1BDC54017A8688318B91 /* Pods_ACICDTests.framework in Frameworks */,
			);
			runOnlyForDeploymentPostprocessing = 0;
		};
		18F0E1062D6ECCAA00489745 /* Frameworks */ = {
			isa = PBXFrameworksBuildPhase;
			buildActionMask = 2147483647;
			files = (
				82ABADBBF54C2B19661C76FB /* Pods_ACICD_ACICDUITests.framework in Frameworks */,
			);
			runOnlyForDeploymentPostprocessing = 0;
		};
/* End PBXFrameworksBuildPhase section */

/* Begin PBXGroup section */
		041A4215FFBF0792E997E481 /* Pods */ = {
			isa = PBXGroup;
			children = (
				241DCF77D8CC1232611B10A6 /* Pods-ACICD.debug.xcconfig */,
				304B228A9F1CAD6449EA33F7 /* Pods-ACICD.release.xcconfig */,
				B4568275AEA9F18D5E80A734 /* Pods-ACICD-ACICDUITests.debug.xcconfig */,
				CC836B870BE231D456D6DB32 /* Pods-ACICD-ACICDUITests.release.xcconfig */,
				79C818D9579E79E1EEA89566 /* Pods-ACICDTests.debug.xcconfig */,
				5F631D17D8E46A0EEE4FACE8 /* Pods-ACICDTests.release.xcconfig */,
			);
			name = Pods;
			path = Pods;
			sourceTree = "<group>";
		};
		18F0E0E02D6ECCA800489745 = {
			isa = PBXGroup;
			children = (
				18F0E0EB2D6ECCA800489745 /* ACICD */,
				18F0E1022D6ECCAA00489745 /* ACICDTests */,
				18F0E10C2D6ECCAA00489745 /* ACICDUITests */,
				18F0E0EA2D6ECCA800489745 /* Products */,
				041A4215FFBF0792E997E481 /* Pods */,
				32764169AA295E5BE333A29E /* Frameworks */,
			);
			sourceTree = "<group>";
		};
		18F0E0EA2D6ECCA800489745 /* Products */ = {
			isa = PBXGroup;
			children = (
				18F0E0E92D6ECCA800489745 /* ACICD.app */,
				18F0E0FF2D6ECCAA00489745 /* ACICDTests.xctest */,
				18F0E1092D6ECCAA00489745 /* ACICDUITests.xctest */,
			);
			name = Products;
			sourceTree = "<group>";
		};
		32764169AA295E5BE333A29E /* Frameworks */ = {
			isa = PBXGroup;
			children = (
				679443BCE3948D4C54B86E07 /* Pods_ACICD.framework */,
				EE5EF66C3FBCE1DF72C2769E /* Pods_ACICD_ACICDUITests.framework */,
				00332B4059085EC4DF91A211 /* Pods_ACICDTests.framework */,
			);
			name = Frameworks;
			sourceTree = "<group>";
		};
/* End PBXGroup section */

/* Begin PBXNativeTarget section */
		18F0E0E82D6ECCA800489745 /* ACICD */ = {
			isa = PBXNativeTarget;
			buildConfigurationList = 18F0E1122D6ECCAA00489745 /* Build configuration list for PBXNativeTarget "ACICD" */;
			buildPhases = (
				3EA90A88A3E18A51BAACB038 /* [CP] Check Pods Manifest.lock */,
				18F0E0E52D6ECCA800489745 /* Sources */,
				18F0E0E62D6ECCA800489745 /* Frameworks */,
				18F0E0E72D6ECCA800489745 /* Resources */,
				0FD3FF9A55526171E998DA62 /* [CP] Embed Pods Frameworks */,
			);
			buildRules = (
			);
			dependencies = (
			);
			fileSystemSynchronizedGroups = (
				18F0E0EB2D6ECCA800489745 /* ACICD */,
			);
			name = ACICD;
			productName = ACICD;
			productReference = 18F0E0E92D6ECCA800489745 /* ACICD.app */;
			productType = "com.apple.product-type.application";
		};
		18F0E0FE2D6ECCAA00489745 /* ACICDTests */ = {
			isa = PBXNativeTarget;
			buildConfigurationList = 18F0E1172D6ECCAA00489745 /* Build configuration list for PBXNativeTarget "ACICDTests" */;
			buildPhases = (
				3AD1E4B3CB972DF5B9ABF7AA /* [CP] Check Pods Manifest.lock */,
				18F0E0FB2D6ECCAA00489745 /* Sources */,
				18F0E0FC2D6ECCAA00489745 /* Frameworks */,
				18F0E0FD2D6ECCAA00489745 /* Resources */,
			);
			buildRules = (
			);
			dependencies = (
				18F0E1012D6ECCAA00489745 /* PBXTargetDependency */,
			);
			fileSystemSynchronizedGroups = (
				18F0E1022D6ECCAA00489745 /* ACICDTests */,
			);
			name = ACICDTests;
			productName = ACICDTests;
			productReference = 18F0E0FF2D6ECCAA00489745 /* ACICDTests.xctest */;
			productType = "com.apple.product-type.bundle.unit-test";
		};
		18F0E1082D6ECCAA00489745 /* ACICDUITests */ = {
			isa = PBXNativeTarget;
			buildConfigurationList = 18F0E11A2D6ECCAA00489745 /* Build configuration list for PBXNativeTarget "ACICDUITests" */;
			buildPhases = (
				24A20D550753F04E38EE2390 /* [CP] Check Pods Manifest.lock */,
				18F0E1052D6ECCAA00489745 /* Sources */,
				18F0E1062D6ECCAA00489745 /* Frameworks */,
				18F0E1072D6ECCAA00489745 /* Resources */,
				DB352A2BCA8C6C3EE7210F4E /* [CP] Embed Pods Frameworks */,
			);
			buildRules = (
			);
			dependencies = (
				18F0E10B2D6ECCAA00489745 /* PBXTargetDependency */,
			);
			fileSystemSynchronizedGroups = (
				18F0E10C2D6ECCAA00489745 /* ACICDUITests */,
			);
			name = ACICDUITests;
			productName = ACICDUITests;
			productReference = 18F0E1092D6ECCAA00489745 /* ACICDUITests.xctest */;
			productType = "com.apple.product-type.bundle.ui-testing";
		};
/* End PBXNativeTarget section */

/* Begin PBXProject section */
		18F0E0E12D6ECCA800489745 /* Project object */ = {
			isa = PBXProject;
			attributes = {
				BuildIndependentTargetsInParallel = 1;
				LastSwiftUpdateCheck = 1620;
				LastUpgradeCheck = 1620;
				TargetAttributes = {
					18F0E0E82D6ECCA800489745 = {
						CreatedOnToolsVersion = 16.2;
					};
					18F0E0FE2D6ECCAA00489745 = {
						CreatedOnToolsVersion = 16.2;
						TestTargetID = 18F0E0E82D6ECCA800489745;
					};
					18F0E1082D6ECCAA00489745 = {
						CreatedOnToolsVersion = 16.2;
						TestTargetID = 18F0E0E82D6ECCA800489745;
					};
				};
			};
			buildConfigurationList = 18F0E0E42D6ECCA800489745 /* Build configuration list for PBXProject "ACICD" */;
			compatibilityVersion = "Xcode 15.3";
			developmentRegion = en;
			hasScannedForEncodings = 0;
			knownRegions = (
				en,
				Base,
			);
			mainGroup = 18F0E0E02D6ECCA800489745;
			minimizedProjectReferenceProxies = 1;
			productRefGroup = 18F0E0EA2D6ECCA800489745 /* Products */;
			projectDirPath = "";
			projectRoot = "";
			targets = (
				18F0E0E82D6ECCA800489745 /* ACICD */,
				18F0E0FE2D6ECCAA00489745 /* ACICDTests */,
				18F0E1082D6ECCAA00489745 /* ACICDUITests */,
			);
		};
/* End PBXProject section */

/* Begin PBXResourcesBuildPhase section */
		18F0E0E72D6ECCA800489745 /* Resources */ = {
			isa = PBXResourcesBuildPhase;
			buildActionMask = 2147483647;
			files = (
			);
			runOnlyForDeploymentPostprocessing = 0;
		};
		18F0E0FD2D6ECCAA00489745 /* Resources */ = {
			isa = PBXResourcesBuildPhase;
			buildActionMask = 2147483647;
			files = (
			);
			runOnlyForDeploymentPostprocessing = 0;
		};
		18F0E1072D6ECCAA00489745 /* Resources */ = {
			isa = PBXResourcesBuildPhase;
			buildActionMask = 2147483647;
			files = (
			);
			runOnlyForDeploymentPostprocessing = 0;
		};
/* End PBXResourcesBuildPhase section */

/* Begin PBXShellScriptBuildPhase section */
		0FD3FF9A55526171E998DA62 /* [CP] Embed Pods Frameworks */ = {
			isa = PBXShellScriptBuildPhase;
			buildActionMask = 2147483647;
			files = (
			);
			inputFileListPaths = (
				"${PODS_ROOT}/Target Support Files/Pods-ACICD/Pods-ACICD-frameworks-${CONFIGURATION}-input-files.xcfilelist",
			);
			name = "[CP] Embed Pods Frameworks";
			outputFileListPaths = (
				"${PODS_ROOT}/Target Support Files/Pods-ACICD/Pods-ACICD-frameworks-${CONFIGURATION}-output-files.xcfilelist",
			);
			runOnlyForDeploymentPostprocessing = 0;
			shellPath = /bin/sh;
			shellScript = "\"${PODS_ROOT}/Target Support Files/Pods-ACICD/Pods-ACICD-frameworks.sh\"\n";
			showEnvVarsInLog = 0;
		};
		24A20D550753F04E38EE2390 /* [CP] Check Pods Manifest.lock */ = {
			isa = PBXShellScriptBuildPhase;
			buildActionMask = 2147483647;
			files = (
			);
			inputFileListPaths = (
			);
			inputPaths = (
				"${PODS_PODFILE_DIR_PATH}/Podfile.lock",
				"${PODS_ROOT}/Manifest.lock",
			);
			name = "[CP] Check Pods Manifest.lock";
			outputFileListPaths = (
			);
			outputPaths = (
				"$(DERIVED_FILE_DIR)/Pods-ACICD-ACICDUITests-checkManifestLockResult.txt",
			);
			runOnlyForDeploymentPostprocessing = 0;
			shellPath = /bin/sh;
			shellScript = "diff \"${PODS_PODFILE_DIR_PATH}/Podfile.lock\" \"${PODS_ROOT}/Manifest.lock\" > /dev/null\nif [ $? != 0 ] ; then\n    # print error to STDERR\n    echo \"error: The sandbox is not in sync with the Podfile.lock. Run 'pod install' or update your CocoaPods installation.\" >&2\n    exit 1\nfi\n# This output is used by Xcode 'outputs' to avoid re-running this script phase.\necho \"SUCCESS\" > \"${SCRIPT_OUTPUT_FILE_0}\"\n";
			showEnvVarsInLog = 0;
		};
		3AD1E4B3CB972DF5B9ABF7AA /* [CP] Check Pods Manifest.lock */ = {
			isa = PBXShellScriptBuildPhase;
			buildActionMask = 2147483647;
			files = (
			);
			inputFileListPaths = (
			);
			inputPaths = (
				"${PODS_PODFILE_DIR_PATH}/Podfile.lock",
				"${PODS_ROOT}/Manifest.lock",
			);
			name = "[CP] Check Pods Manifest.lock";
			outputFileListPaths = (
			);
			outputPaths = (
				"$(DERIVED_FILE_DIR)/Pods-ACICDTests-checkManifestLockResult.txt",
			);
			runOnlyForDeploymentPostprocessing = 0;
			shellPath = /bin/sh;
			shellScript = "diff \"${PODS_PODFILE_DIR_PATH}/Podfile.lock\" \"${PODS_ROOT}/Manifest.lock\" > /dev/null\nif [ $? != 0 ] ; then\n    # print error to STDERR\n    echo \"error: The sandbox is not in sync with the Podfile.lock. Run 'pod install' or update your CocoaPods installation.\" >&2\n    exit 1\nfi\n# This output is used by Xcode 'outputs' to avoid re-running this script phase.\necho \"SUCCESS\" > \"${SCRIPT_OUTPUT_FILE_0}\"\n";
			showEnvVarsInLog = 0;
		};
		3EA90A88A3E18A51BAACB038 /* [CP] Check Pods Manifest.lock */ = {
			isa = PBXShellScriptBuildPhase;
			buildActionMask = 2147483647;
			files = (
			);
			inputFileListPaths = (
			);
			inputPaths = (
				"${PODS_PODFILE_DIR_PATH}/Podfile.lock",
				"${PODS_ROOT}/Manifest.lock",
			);
			name = "[CP] Check Pods Manifest.lock";
			outputFileListPaths = (
			);
			outputPaths = (
				"$(DERIVED_FILE_DIR)/Pods-ACICD-checkManifestLockResult.txt",
			);
			runOnlyForDeploymentPostprocessing = 0;
			shellPath = /bin/sh;
			shellScript = "diff \"${PODS_PODFILE_DIR_PATH}/Podfile.lock\" \"${PODS_ROOT}/Manifest.lock\" > /dev/null\nif [ $? != 0 ] ; then\n    # print error to STDERR\n    echo \"error: The sandbox is not in sync with the Podfile.lock. Run 'pod install' or update your CocoaPods installation.\" >&2\n    exit 1\nfi\n# This output is used by Xcode 'outputs' to avoid re-running this script phase.\necho \"SUCCESS\" > \"${SCRIPT_OUTPUT_FILE_0}\"\n";
			showEnvVarsInLog = 0;
		};
		DB352A2BCA8C6C3EE7210F4E /* [CP] Embed Pods Frameworks */ = {
			isa = PBXShellScriptBuildPhase;
			buildActionMask = 2147483647;
			files = (
			);
			inputFileListPaths = (
				"${PODS_ROOT}/Target Support Files/Pods-ACICD-ACICDUITests/Pods-ACICD-ACICDUITests-frameworks-${CONFIGURATION}-input-files.xcfilelist",
			);
			name = "[CP] Embed Pods Frameworks";
			outputFileListPaths = (
				"${PODS_ROOT}/Target Support Files/Pods-ACICD-ACICDUITests/Pods-ACICD-ACICDUITests-frameworks-${CONFIGURATION}-output-files.xcfilelist",
			);
			runOnlyForDeploymentPostprocessing = 0;
			shellPath = /bin/sh;
			shellScript = "\"${PODS_ROOT}/Target Support Files/Pods-ACICD-ACICDUITests/Pods-ACICD-ACICDUITests-frameworks.sh\"\n";
			showEnvVarsInLog = 0;
		};
/* End PBXShellScriptBuildPhase section */

/* Begin PBXSourcesBuildPhase section */
		18F0E0E52D6ECCA800489745 /* Sources */ = {
			isa = PBXSourcesBuildPhase;
			buildActionMask = 2147483647;
			files = (
			);
			runOnlyForDeploymentPostprocessing = 0;
		};
		18F0E0FB2D6ECCAA00489745 /* Sources */ = {
			isa = PBXSourcesBuildPhase;
			buildActionMask = 2147483647;
			files = (
			);
			runOnlyForDeploymentPostprocessing = 0;
		};
		18F0E1052D6ECCAA00489745 /* Sources */ = {
			isa = PBXSourcesBuildPhase;
			buildActionMask = 2147483647;
			files = (
			);
			runOnlyForDeploymentPostprocessing = 0;
		};
/* End PBXSourcesBuildPhase section */

/* Begin PBXTargetDependency section */
		18F0E1012D6ECCAA00489745 /* PBXTargetDependency */ = {
			isa = PBXTargetDependency;
			target = 18F0E0E82D6ECCA800489745 /* ACICD */;
			targetProxy = 18F0E1002D6ECCAA00489745 /* PBXContainerItemProxy */;
		};
		18F0E10B2D6ECCAA00489745 /* PBXTargetDependency */ = {
			isa = PBXTargetDependency;
			target = 18F0E0E82D6ECCA800489745 /* ACICD */;
			targetProxy = 18F0E10A2D6ECCAA00489745 /* PBXContainerItemProxy */;
		};
/* End PBXTargetDependency section */

/* Begin XCBuildConfiguration section */
		18F0E1132D6ECCAA00489745 /* Debug */ = {
			isa = XCBuildConfiguration;
			baseConfigurationReference = 241DCF77D8CC1232611B10A6 /* Pods-ACICD.debug.xcconfig */;
			buildSettings = {
				ASSETCATALOG_COMPILER_APPICON_NAME = AppIcon;
				ASSETCATALOG_COMPILER_GLOBAL_ACCENT_COLOR_NAME = AccentColor;
				CODE_SIGN_STYLE = Automatic;
				CURRENT_PROJECT_VERSION = 1;
				GENERATE_INFOPLIST_FILE = YES;
				INFOPLIST_FILE = ACICD/Info.plist;
				INFOPLIST_KEY_UIApplicationSupportsIndirectInputEvents = YES;
				INFOPLIST_KEY_UILaunchStoryboardName = LaunchScreen;
				INFOPLIST_KEY_UIMainStoryboardFile = Main;
				INFOPLIST_KEY_UISupportedInterfaceOrientations_iPad = "UIInterfaceOrientationPortrait UIInterfaceOrientationPortraitUpsideDown UIInterfaceOrientationLandscapeLeft UIInterfaceOrientationLandscapeRight";
				INFOPLIST_KEY_UISupportedInterfaceOrientations_iPhone = "UIInterfaceOrientationPortrait UIInterfaceOrientationLandscapeLeft UIInterfaceOrientationLandscapeRight";
				IPHONEOS_DEPLOYMENT_TARGET = 17.6;
				LD_RUNPATH_SEARCH_PATHS = (
					"$(inherited)",
					"@executable_path/Frameworks",
				);
				MARKETING_VERSION = 1.0;
				PRODUCT_BUNDLE_IDENTIFIER = test.git.copilot.test.ACICD;
				PRODUCT_NAME = "$(TARGET_NAME)";
				SWIFT_EMIT_LOC_STRINGS = YES;
				SWIFT_VERSION = 5.0;
				TARGETED_DEVICE_FAMILY = "1,2";
			};
			name = Debug;
		};
		18F0E1142D6ECCAA00489745 /* Release */ = {
			isa = XCBuildConfiguration;
			baseConfigurationReference = 304B228A9F1CAD6449EA33F7 /* Pods-ACICD.release.xcconfig */;
			buildSettings = {
				ASSETCATALOG_COMPILER_APPICON_NAME = AppIcon;
				ASSETCATALOG_COMPILER_GLOBAL_ACCENT_COLOR_NAME = AccentColor;
				CODE_SIGN_STYLE = Automatic;
				CURRENT_PROJECT_VERSION = 1;
				GENERATE_INFOPLIST_FILE = YES;
				INFOPLIST_FILE = ACICD/Info.plist;
				INFOPLIST_KEY_UIApplicationSupportsIndirectInputEvents = YES;
				INFOPLIST_KEY_UILaunchStoryboardName = LaunchScreen;
				INFOPLIST_KEY_UIMainStoryboardFile = Main;
				INFOPLIST_KEY_UISupportedInterfaceOrientations_iPad = "UIInterfaceOrientationPortrait UIInterfaceOrientationPortraitUpsideDown UIInterfaceOrientationLandscapeLeft UIInterfaceOrientationLandscapeRight";
				INFOPLIST_KEY_UISupportedInterfaceOrientations_iPhone = "UIInterfaceOrientationPortrait UIInterfaceOrientationLandscapeLeft UIInterfaceOrientationLandscapeRight";
				IPHONEOS_DEPLOYMENT_TARGET = 17.6;
				LD_RUNPATH_SEARCH_PATHS = (
					"$(inherited)",
					"@executable_path/Frameworks",
				);
				MARKETING_VERSION = 1.0;
				PRODUCT_BUNDLE_IDENTIFIER = test.git.copilot.test.ACICD;
				PRODUCT_NAME = "$(TARGET_NAME)";
				SWIFT_EMIT_LOC_STRINGS = YES;
				SWIFT_VERSION = 5.0;
				TARGETED_DEVICE_FAMILY = "1,2";
			};
			name = Release;
		};
		18F0E1152D6ECCAA00489745 /* Debug */ = {
			isa = XCBuildConfiguration;
			buildSettings = {
				ALWAYS_SEARCH_USER_PATHS = NO;
				ASSETCATALOG_COMPILER_GENERATE_SWIFT_ASSET_SYMBOL_EXTENSIONS = YES;
				CLANG_ANALYZER_NONNULL = YES;
				CLANG_ANALYZER_NUMBER_OBJECT_CONVERSION = YES_AGGRESSIVE;
				CLANG_CXX_LANGUAGE_STANDARD = "gnu++20";
				CLANG_ENABLE_MODULES = YES;
				CLANG_ENABLE_OBJC_ARC = YES;
				CLANG_ENABLE_OBJC_WEAK = YES;
				CLANG_WARN_BLOCK_CAPTURE_AUTORELEASING = YES;
				CLANG_WARN_BOOL_CONVERSION = YES;
				CLANG_WARN_COMMA = YES;
				CLANG_WARN_CONSTANT_CONVERSION = YES;
				CLANG_WARN_DEPRECATED_OBJC_IMPLEMENTATIONS = YES;
				CLANG_WARN_DIRECT_OBJC_ISA_USAGE = YES_ERROR;
				CLANG_WARN_DOCUMENTATION_COMMENTS = YES;
				CLANG_WARN_EMPTY_BODY = YES;
				CLANG_WARN_ENUM_CONVERSION = YES;
				CLANG_WARN_INFINITE_RECURSION = YES;
				CLANG_WARN_INT_CONVERSION = YES;
				CLANG_WARN_NON_LITERAL_NULL_CONVERSION = YES;
				CLANG_WARN_OBJC_IMPLICIT_RETAIN_SELF = YES;
				CLANG_WARN_OBJC_LITERAL_CONVERSION = YES;
				CLANG_WARN_OBJC_ROOT_CLASS = YES_ERROR;
				CLANG_WARN_QUOTED_INCLUDE_IN_FRAMEWORK_HEADER = YES;
				CLANG_WARN_RANGE_LOOP_ANALYSIS = YES;
				CLANG_WARN_STRICT_PROTOTYPES = YES;
				CLANG_WARN_SUSPICIOUS_MOVE = YES;
				CLANG_WARN_UNGUARDED_AVAILABILITY = YES_AGGRESSIVE;
				CLANG_WARN_UNREACHABLE_CODE = YES;
				CLANG_WARN__DUPLICATE_METHOD_MATCH = YES;
				COPY_PHASE_STRIP = NO;
				DEBUG_INFORMATION_FORMAT = dwarf;
				ENABLE_STRICT_OBJC_MSGSEND = YES;
				ENABLE_TESTABILITY = YES;
				ENABLE_USER_SCRIPT_SANDBOXING = YES;
				GCC_C_LANGUAGE_STANDARD = gnu17;
				GCC_DYNAMIC_NO_PIC = NO;
				GCC_NO_COMMON_BLOCKS = YES;
				GCC_OPTIMIZATION_LEVEL = 0;
				GCC_PREPROCESSOR_DEFINITIONS = (
					"DEBUG=1",
					"$(inherited)",
				);
				GCC_WARN_64_TO_32_BIT_CONVERSION = YES;
				GCC_WARN_ABOUT_RETURN_TYPE = YES_ERROR;
				GCC_WARN_UNDECLARED_SELECTOR = YES;
				GCC_WARN_UNINITIALIZED_AUTOS = YES_AGGRESSIVE;
				GCC_WARN_UNUSED_FUNCTION = YES;
				GCC_WARN_UNUSED_VARIABLE = YES;
				IPHONEOS_DEPLOYMENT_TARGET = 18.2;
				LOCALIZATION_PREFERS_STRING_CATALOGS = YES;
				MTL_ENABLE_DEBUG_INFO = INCLUDE_SOURCE;
				MTL_FAST_MATH = YES;
				ONLY_ACTIVE_ARCH = YES;
				SDKROOT = iphoneos;
				SWIFT_ACTIVE_COMPILATION_CONDITIONS = "DEBUG $(inherited)";
				SWIFT_OPTIMIZATION_LEVEL = "-Onone";
			};
			name = Debug;
		};
		18F0E1162D6ECCAA00489745 /* Release */ = {
			isa = XCBuildConfiguration;
			buildSettings = {
				ALWAYS_SEARCH_USER_PATHS = NO;
				ASSETCATALOG_COMPILER_GENERATE_SWIFT_ASSET_SYMBOL_EXTENSIONS = YES;
				CLANG_ANALYZER_NONNULL = YES;
				CLANG_ANALYZER_NUMBER_OBJECT_CONVERSION = YES_AGGRESSIVE;
				CLANG_CXX_LANGUAGE_STANDARD = "gnu++20";
				CLANG_ENABLE_MODULES = YES;
				CLANG_ENABLE_OBJC_ARC = YES;
				CLANG_ENABLE_OBJC_WEAK = YES;
				CLANG_WARN_BLOCK_CAPTURE_AUTORELEASING = YES;
				CLANG_WARN_BOOL_CONVERSION = YES;
				CLANG_WARN_COMMA = YES;
				CLANG_WARN_CONSTANT_CONVERSION = YES;
				CLANG_WARN_DEPRECATED_OBJC_IMPLEMENTATIONS = YES;
				CLANG_WARN_DIRECT_OBJC_ISA_USAGE = YES_ERROR;
				CLANG_WARN_DOCUMENTATION_COMMENTS = YES;
				CLANG_WARN_EMPTY_BODY = YES;
				CLANG_WARN_ENUM_CONVERSION = YES;
				CLANG_WARN_INFINITE_RECURSION = YES;
				CLANG_WARN_INT_CONVERSION = YES;
				CLANG_WARN_NON_LITERAL_NULL_CONVERSION = YES;
				CLANG_WARN_OBJC_IMPLICIT_RETAIN_SELF = YES;
				CLANG_WARN_OBJC_LITERAL_CONVERSION = YES;
				CLANG_WARN_OBJC_ROOT_CLASS = YES_ERROR;
				CLANG_WARN_QUOTED_INCLUDE_IN_FRAMEWORK_HEADER = YES;
				CLANG_WARN_RANGE_LOOP_ANALYSIS = YES;
				CLANG_WARN_STRICT_PROTOTYPES = YES;
				CLANG_WARN_SUSPICIOUS_MOVE = YES;
				CLANG_WARN_UNGUARDED_AVAILABILITY = YES_AGGRESSIVE;
				CLANG_WARN_UNREACHABLE_CODE = YES;
				CLANG_WARN__DUPLICATE_METHOD_MATCH = YES;
				COPY_PHASE_STRIP = NO;
				DEBUG_INFORMATION_FORMAT = "dwarf-with-dsym";
				ENABLE_NS_ASSERTIONS = NO;
				ENABLE_STRICT_OBJC_MSGSEND = YES;
				ENABLE_USER_SCRIPT_SANDBOXING = YES;
				GCC_C_LANGUAGE_STANDARD = gnu17;
				GCC_NO_COMMON_BLOCKS = YES;
				GCC_WARN_64_TO_32_BIT_CONVERSION = YES;
				GCC_WARN_ABOUT_RETURN_TYPE = YES_ERROR;
				GCC_WARN_UNDECLARED_SELECTOR = YES;
				GCC_WARN_UNINITIALIZED_AUTOS = YES_AGGRESSIVE;
				GCC_WARN_UNUSED_FUNCTION = YES;
				GCC_WARN_UNUSED_VARIABLE = YES;
				IPHONEOS_DEPLOYMENT_TARGET = 18.2;
				LOCALIZATION_PREFERS_STRING_CATALOGS = YES;
				MTL_ENABLE_DEBUG_INFO = NO;
				MTL_FAST_MATH = YES;
				SDKROOT = iphoneos;
				SWIFT_COMPILATION_MODE = wholemodule;
				VALIDATE_PRODUCT = YES;
			};
			name = Release;
		};
		18F0E1182D6ECCAA00489745 /* Debug */ = {
			isa = XCBuildConfiguration;
			baseConfigurationReference = 79C818D9579E79E1EEA89566 /* Pods-ACICDTests.debug.xcconfig */;
			buildSettings = {
				BUNDLE_LOADER = "$(TEST_HOST)";
				CODE_SIGN_STYLE = Automatic;
				CURRENT_PROJECT_VERSION = 1;
				GENERATE_INFOPLIST_FILE = YES;
				IPHONEOS_DEPLOYMENT_TARGET = 17.6;
				MARKETING_VERSION = 1.0;
				PRODUCT_BUNDLE_IDENTIFIER = test.git.copilot.test.ACICDTests;
				PRODUCT_NAME = "$(TARGET_NAME)";
				SWIFT_EMIT_LOC_STRINGS = NO;
				SWIFT_VERSION = 5.0;
				TARGETED_DEVICE_FAMILY = "1,2";
				TEST_HOST = "$(BUILT_PRODUCTS_DIR)/ACICD.app/$(BUNDLE_EXECUTABLE_FOLDER_PATH)/ACICD";
			};
			name = Debug;
		};
		18F0E1192D6ECCAA00489745 /* Release */ = {
			isa = XCBuildConfiguration;
			baseConfigurationReference = 5F631D17D8E46A0EEE4FACE8 /* Pods-ACICDTests.release.xcconfig */;
			buildSettings = {
				BUNDLE_LOADER = "$(TEST_HOST)";
				CODE_SIGN_STYLE = Automatic;
				CURRENT_PROJECT_VERSION = 1;
				GENERATE_INFOPLIST_FILE = YES;
				IPHONEOS_DEPLOYMENT_TARGET = 17.6;
				MARKETING_VERSION = 1.0;
				PRODUCT_BUNDLE_IDENTIFIER = test.git.copilot.test.ACICDTests;
				PRODUCT_NAME = "$(TARGET_NAME)";
				SWIFT_EMIT_LOC_STRINGS = NO;
				SWIFT_VERSION = 5.0;
				TARGETED_DEVICE_FAMILY = "1,2";
				TEST_HOST = "$(BUILT_PRODUCTS_DIR)/ACICD.app/$(BUNDLE_EXECUTABLE_FOLDER_PATH)/ACICD";
			};
			name = Release;
		};
		18F0E11B2D6ECCAA00489745 /* Debug */ = {
			isa = XCBuildConfiguration;
			baseConfigurationReference = B4568275AEA9F18D5E80A734 /* Pods-ACICD-ACICDUITests.debug.xcconfig */;
			buildSettings = {
				CODE_SIGN_STYLE = Automatic;
				CURRENT_PROJECT_VERSION = 1;
				GENERATE_INFOPLIST_FILE = YES;
				IPHONEOS_DEPLOYMENT_TARGET = 17.6;
				MARKETING_VERSION = 1.0;
				PRODUCT_BUNDLE_IDENTIFIER = test.git.copilot.test.ACICDUITests;
				PRODUCT_NAME = "$(TARGET_NAME)";
				SWIFT_EMIT_LOC_STRINGS = NO;
				SWIFT_VERSION = 5.0;
				TARGETED_DEVICE_FAMILY = "1,2";
				TEST_TARGET_NAME = ACICD;
			};
			name = Debug;
		};
		18F0E11C2D6ECCAA00489745 /* Release */ = {
			isa = XCBuildConfiguration;
			baseConfigurationReference = CC836B870BE231D456D6DB32 /* Pods-ACICD-ACICDUITests.release.xcconfig */;
			buildSettings = {
				CODE_SIGN_STYLE = Automatic;
				CURRENT_PROJECT_VERSION = 1;
				GENERATE_INFOPLIST_FILE = YES;
				IPHONEOS_DEPLOYMENT_TARGET = 17.6;
				MARKETING_VERSION = 1.0;
				PRODUCT_BUNDLE_IDENTIFIER = test.git.copilot.test.ACICDUITests;
				PRODUCT_NAME = "$(TARGET_NAME)";
				SWIFT_EMIT_LOC_STRINGS = NO;
				SWIFT_VERSION = 5.0;
				TARGETED_DEVICE_FAMILY = "1,2";
				TEST_TARGET_NAME = ACICD;
			};
			name = Release;
		};
/* End XCBuildConfiguration section */

/* Begin XCConfigurationList section */
		18F0E0E42D6ECCA800489745 /* Build configuration list for PBXProject "ACICD" */ = {
			isa = XCConfigurationList;
			buildConfigurations = (
				18F0E1152D6ECCAA00489745 /* Debug */,
				18F0E1162D6ECCAA00489745 /* Release */,
			);
			defaultConfigurationIsVisible = 0;
			defaultConfigurationName = Release;
		};
		18F0E1122D6ECCAA00489745 /* Build configuration list for PBXNativeTarget "ACICD" */ = {
			isa = XCConfigurationList;
			buildConfigurations = (
				18F0E1132D6ECCAA00489745 /* Debug */,
				18F0E1142D6ECCAA00489745 /* Release */,
			);
			defaultConfigurationIsVisible = 0;
			defaultConfigurationName = Release;
		};
		18F0E1172D6ECCAA00489745 /* Build configuration list for PBXNativeTarget "ACICDTests" */ = {
			isa = XCConfigurationList;
			buildConfigurations = (
				18F0E1182D6ECCAA00489745 /* Debug */,
				18F0E1192D6ECCAA00489745 /* Release */,
			);
			defaultConfigurationIsVisible = 0;
			defaultConfigurationName = Release;
		};
		18F0E11A2D6ECCAA00489745 /* Build configuration list for PBXNativeTarget "ACICDUITests" */ = {
			isa = XCConfigurationList;
			buildConfigurations = (
				18F0E11B2D6ECCAA00489745 /* Debug */,
				18F0E11C2D6ECCAA00489745 /* Release */,
			);
			defaultConfigurationIsVisible = 0;
			defaultConfigurationName = Release;
		};
/* End XCConfigurationList section */
	};
	rootObject = 18F0E0E12D6ECCA800489745 /* Project object */;
}
